{
  "name": "color_cat-ngx-treetable",
  "version": "0.0.2aplha",
  "lockfileVersion": 1,
  "requires": true,
  "dependencies": {
    "@angular/animations": {
      "version": "4.4.6",
      "resolved": "https://registry.npmjs.org/@angular/animations/-/animations-4.4.6.tgz",
      "integrity": "sha1-+mYYmaik44y3xYPHpcl85l1ZKjU=",
      "dev": true,
      "requires": {
        "tslib": "1.8.0"
      }
    },
    "@angular/common": {
      "version": "4.4.6",
      "resolved": "https://registry.npmjs.org/@angular/common/-/common-4.4.6.tgz",
      "integrity": "sha1-S4FCByTggooOg5uVpV6xp+g5GPI=",
      "dev": true,
      "requires": {
        "tslib": "1.8.0"
      }
    },
    "@angular/compiler": {
      "version": "4.4.6",
      "resolved": "https://registry.npmjs.org/@angular/compiler/-/compiler-4.4.6.tgz",
      "integrity": "sha1-LuH68lt1fh0SiXkHS+f65SmzvCA=",
      "dev": true,
      "requires": {
        "tslib": "1.8.0"
      }
    },
    "@angular/core": {
      "version": "4.4.6",
      "resolved": "https://registry.npmjs.org/@angular/core/-/core-4.4.6.tgz",
      "integrity": "sha1-EwMf0Q3P5DiHVBmzjyESCVi8I1Q=",
      "dev": true,
      "requires": {
        "tslib": "1.8.0"
      }
    },
    "@angular/forms": {
      "version": "4.4.6",
      "resolved": "https://registry.npmjs.org/@angular/forms/-/forms-4.4.6.tgz",
      "integrity": "sha1-/mSs5CQ1wbgPSQNLfEHOjK8UpEo=",
      "dev": true,
      "requires": {
        "tslib": "1.8.0"
      }
    },
    "@angular/http": {
      "version": "4.4.6",
      "resolved": "https://registry.npmjs.org/@angular/http/-/http-4.4.6.tgz",
      "integrity": "sha1-CvaAxnEL3AJtlA4iXP0PalwAXQw=",
      "dev": true,
      "requires": {
        "tslib": "1.8.0"
      }
    },
    "@angular/material": {
      "version": "2.0.0-beta.12",
      "resolved": "https://registry.npmjs.org/@angular/material/-/material-2.0.0-beta.12.tgz",
      "integrity": "sha1-cbbQt7AhiR5dDjaIwdS9eMdFf1g=",
      "dev": true,
      "requires": {
        "tslib": "1.8.0"
      }
    },
    "@angular/platform-browser": {
      "version": "4.4.6",
      "resolved": "https://registry.npmjs.org/@angular/platform-browser/-/platform-browser-4.4.6.tgz",
      "integrity": "sha1-qYOcVH4bZU+h0kqJeAyLpquNzOA=",
      "dev": true,
      "requires": {
        "tslib": "1.8.0"
      }
    },
    "@angular/platform-browser-dynamic": {
      "version": "4.4.6",
      "resolved": "https://registry.npmjs.org/@angular/platform-browser-dynamic/-/platform-browser-dynamic-4.4.6.tgz",
      "integrity": "sha1-TT2aanvyzz3kBYphWuBZ7/ZB+jY=",
      "dev": true,
      "requires": {
        "tslib": "1.8.0"
      }
    },
    "@angular/router": {
      "version": "4.4.6",
      "resolved": "https://registry.npmjs.org/@angular/router/-/router-4.4.6.tgz",
      "integrity": "sha1-D2rSmuD/jSyeo3m9MgRHIXt+yGY=",
      "dev": true,
      "requires": {
        "tslib": "1.8.0"
      }
    },
    "align-text": {
      "version": "0.1.4",
      "resolved": "https://registry.npmjs.org/align-text/-/align-text-0.1.4.tgz",
      "integrity": "sha1-DNkKVhCT810KmSVsIrcGlDP60Rc=",
      "dev": true,
      "requires": {
        "kind-of": "3.2.2",
        "longest": "1.0.1",
        "repeat-string": "1.6.1"
      }
    },
    "camelcase": {
      "version": "1.2.1",
      "resolved": "https://registry.npmjs.org/camelcase/-/camelcase-1.2.1.tgz",
      "integrity": "sha1-m7UwTS4LVmmLLHWLCKPqqdqlijk=",
      "dev": true
    },
    "center-align": {
      "version": "0.1.3",
      "resolved": "https://registry.npmjs.org/center-align/-/center-align-0.1.3.tgz",
      "integrity": "sha1-qg0yYptu6XIgBBHL1EYckHvCt60=",
      "dev": true,
      "requires": {
        "align-text": "0.1.4",
        "lazy-cache": "1.0.4"
      }
    },
    "cliui": {
      "version": "2.1.0",
      "resolved": "https://registry.npmjs.org/cliui/-/cliui-2.1.0.tgz",
      "integrity": "sha1-S0dXYP+AJkx2LDoXGQMukcf+oNE=",
      "dev": true,
      "requires": {
        "center-align": "0.1.3",
        "right-align": "0.1.3",
        "wordwrap": "0.0.2"
      }
    },
    "core-js": {
      "version": "2.5.1",
      "resolved": "https://registry.npmjs.org/core-js/-/core-js-2.5.1.tgz",
      "integrity": "sha1-rmh03GaTd4m4B1T/VCjfZoGcpQs=",
      "dev": true
    },
    "decamelize": {
      "version": "1.2.0",
      "resolved": "https://registry.npmjs.org/decamelize/-/decamelize-1.2.0.tgz",
      "integrity": "sha1-9lNNFRSCabIDUue+4m9QH5oZEpA=",
      "dev": true
    },
    "is-buffer": {
      "version": "1.1.6",
      "resolved": "https://registry.npmjs.org/is-buffer/-/is-buffer-1.1.6.tgz",
      "integrity": "sha512-NcdALwpXkTm5Zvvbk7owOUSvVvBKDgKP5/ewfXEznmQFfs4ZRmanOeKBTjRVjka3QFoN6XJ+9F3USqfHqTaU5w==",
      "dev": true
    },
    "kind-of": {
      "version": "3.2.2",
      "resolved": "https://registry.npmjs.org/kind-of/-/kind-of-3.2.2.tgz",
      "integrity": "sha1-MeohpzS6ubuw8yRm2JOupR5KPGQ=",
      "dev": true,
      "requires": {
        "is-buffer": "1.1.6"
      }
    },
    "lazy-cache": {
      "version": "1.0.4",
      "resolved": "https://registry.npmjs.org/lazy-cache/-/lazy-cache-1.0.4.tgz",
      "integrity": "sha1-odePw6UEdMuAhF07O24dpJpEbo4=",
      "dev": true
    },
    "longest": {
      "version": "1.0.1",
      "resolved": "https://registry.npmjs.org/longest/-/longest-1.0.1.tgz",
      "integrity": "sha1-MKCy2jj3N3DoKUoNIuZiXtd9AJc=",
      "dev": true
    },
    "reflect-metadata": {
      "version": "0.1.10",
      "resolved": "https://registry.npmjs.org/reflect-metadata/-/reflect-metadata-0.1.10.tgz",
      "integrity": "sha1-tPg3BEFqytiZiMmxVjXUfgO5NEo=",
      "dev": true
    },
    "repeat-string": {
      "version": "1.6.1",
      "resolved": "https://registry.npmjs.org/repeat-string/-/repeat-string-1.6.1.tgz",
      "integrity": "sha1-jcrkcOHIirwtYA//Sndihtp15jc=",
      "dev": true
    },
    "right-align": {
      "version": "0.1.3",
      "resolved": "https://registry.npmjs.org/right-align/-/right-align-0.1.3.tgz",
      "integrity": "sha1-YTObci/mo1FWiSENJOFMlhSGE+8=",
      "dev": true,
      "requires": {
        "align-text": "0.1.4"
      }
    },
    "rollup": {
      "version": "0.41.6",
      "resolved": "https://registry.npmjs.org/rollup/-/rollup-0.41.6.tgz",
      "integrity": "sha1-4NBUl4d6OYwQTYFtJzOnGKepTio=",
      "dev": true,
      "requires": {
        "source-map-support": "0.4.18"
      }
    },
    "rxjs": {
      "version": "5.0.1",
      "resolved": "https://registry.npmjs.org/rxjs/-/rxjs-5.0.1.tgz",
      "integrity": "sha1-Omm9+fDKCphjAzcNRwj3K9+sg1Y=",
      "dev": true,
      "requires": {
        "symbol-observable": "1.0.4"
      }
    },
    "source-map": {
      "version": "0.5.7",
      "resolved": "https://registry.npmjs.org/source-map/-/source-map-0.5.7.tgz",
      "integrity": "sha1-igOdLRAh0i0eoUyA2OpGi6LvP8w=",
      "dev": true
    },
    "source-map-support": {
      "version": "0.4.18",
      "resolved": "https://registry.npmjs.org/source-map-support/-/source-map-support-0.4.18.tgz",
      "integrity": "sha512-try0/JqxPLF9nOjvSta7tVondkP5dwgyLDjVoyMDlmjugT2lRZ1OfsrYTkCd2hkDnJTKRbO/Rl3orm8vlsUzbA==",
      "dev": true,
      "requires": {
        "source-map": "0.5.7"
      }
    },
    "symbol-observable": {
      "version": "1.0.4",
      "resolved": "https://registry.npmjs.org/symbol-observable/-/symbol-observable-1.0.4.tgz",
      "integrity": "sha1-Kb9hXUqnEhvdiYsi1LP5vE4qoD0=",
      "dev": true
    },
    "tslib": {
      "version": "1.8.0",
      "resolved": "https://registry.npmjs.org/tslib/-/tslib-1.8.0.tgz",
      "integrity": "sha512-ymKWWZJST0/CkgduC2qkzjMOWr4bouhuURNXCn/inEX0L57BnRG6FhX76o7FOnsjHazCjfU2LKeSrlS2sIKQJg==",
      "dev": true
    },
    "typescript": {
      "version": "2.6.1",
      "resolved": "https://registry.npmjs.org/typescript/-/typescript-2.6.1.tgz",
      "integrity": "sha1-7znN6ierrAtQAkLWcmq5DgyEZjE=",
      "dev": true
    },
    "uglify-js": {
      "version": "2.8.29",
      "resolved": "https://registry.npmjs.org/uglify-js/-/uglify-js-2.8.29.tgz",
      "integrity": "sha1-KcVzMUgFe7Th913zW3qcty5qWd0=",
      "dev": true,
      "requires": {
        "source-map": "0.5.7",
        "uglify-to-browserify": "1.0.2",
        "yargs": "3.10.0"
      }
    },
    "uglify-to-browserify": {
      "version": "1.0.2",
      "resolved": "https://registry.npmjs.org/uglify-to-browserify/-/uglify-to-browserify-1.0.2.tgz",
      "integrity": "sha1-bgkk1r2mta/jSeOabWMoUKD4grc=",
      "dev": true,
      "optional": true
    },
    "window-size": {
      "version": "0.1.0",
      "resolved": "https://registry.npmjs.org/window-size/-/window-size-0.1.0.tgz",
      "integrity": "sha1-VDjNLqk7IC76Ohn+iIeu58lPnJ0=",
      "dev": true
    },
    "wordwrap": {
      "version": "0.0.2",
      "resolved": "https://registry.npmjs.org/wordwrap/-/wordwrap-0.0.2.tgz",
      "integrity": "sha1-t5Zpu0LstAn4PVg8rVLKF+qhZD8=",
      "dev": true
    },
    "yargs": {
      "version": "3.10.0",
      "resolved": "https://registry.npmjs.org/yargs/-/yargs-3.10.0.tgz",
      "integrity": "sha1-9+572FfdfB0tOMDnTvvWgdFDH9E=",
      "dev": true,
      "requires": {
        "camelcase": "1.2.1",
        "cliui": "2.1.0",
        "decamelize": "1.2.0",
        "window-size": "0.1.0"
      }
    },
    "zone.js": {
      "version": "0.7.8",
      "resolved": "https://registry.npmjs.org/zone.js/-/zone.js-0.7.8.tgz",
      "integrity": "sha1-Tz/og01EWX8mOQU6D6Q43zT//e0=",
      "dev": true
    }
  }
}
