# THIS IS AN AUTOGENERATED FILE. DO NOT EDIT THIS FILE DIRECTLY.
# yarn lockfile v1


"@angular/animations@^4.0.0":
  version "4.4.6"
  resolved "http://registry.npm.taobao.org/@angular/animations/download/@angular/animations-4.4.6.tgz#fa661899a8a4e38cb7c583c7a5c97ce65d592a35"
  dependencies:
    tslib "^1.7.1"

"@angular/common@^4.0.0":
  version "4.4.6"
  resolved "http://registry.npm.taobao.org/@angular/common/download/@angular/common-4.4.6.tgz#4b81420724e0828a0e839b95a55eb1a7e83918f2"
  dependencies:
    tslib "^1.7.1"

"@angular/compiler@^4.0.0":
  version "4.4.6"
  resolved "http://registry.npm.taobao.org/@angular/compiler/download/@angular/compiler-4.4.6.tgz#2ee1faf25b757e1d128979074be7fae529b3bc20"
  dependencies:
    tslib "^1.7.1"

"@angular/core@^4.0.0":
  version "4.4.6"
  resolved "http://registry.npm.taobao.org/@angular/core/download/@angular/core-4.4.6.tgz#13031fd10dcfe438875419b38f21120958bc2354"
  dependencies:
    tslib "^1.7.1"

"@angular/forms@^4.0.0":
  version "4.4.6"
  resolved "http://registry.npm.taobao.org/@angular/forms/download/@angular/forms-4.4.6.tgz#fe64ace42435c1b80f49034b7c41ce8caf14a44a"
  dependencies:
    tslib "^1.7.1"

"@angular/http@^4.0.0":
  version "4.4.6"
  resolved "http://registry.npm.taobao.org/@angular/http/download/@angular/http-4.4.6.tgz#0af680c6710bdc026d940e225cfd0f6a5c005d0c"
  dependencies:
    tslib "^1.7.1"

"@angular/material@^2.0.0-beta.3":
  version "2.0.0-beta.12"
  resolved "http://registry.npm.taobao.org/@angular/material/download/@angular/material-2.0.0-beta.12.tgz#71b6d0b7b021891e5d0e3688c1d4bd78c7457f58"
  dependencies:
    tslib "^1.7.1"

"@angular/platform-browser-dynamic@^4.0.0":
  version "4.4.6"
  resolved "http://registry.npm.taobao.org/@angular/platform-browser-dynamic/download/@angular/platform-browser-dynamic-4.4.6.tgz#4d3d9a6a7bf2cf3de4058a615ae059eff641fa36"
  dependencies:
    tslib "^1.7.1"

"@angular/platform-browser@^4.0.0":
  version "4.4.6"
  resolved "http://registry.npm.taobao.org/@angular/platform-browser/download/@angular/platform-browser-4.4.6.tgz#a9839c547e1b654fa1d24a89780c8ba6ab8dcce0"
  dependencies:
    tslib "^1.7.1"

"@angular/router@^4.0.0":
  version "4.4.6"
  resolved "http://registry.npm.taobao.org/@angular/router/download/@angular/router-4.4.6.tgz#0f6ad29ae0ff8d2c9ea379bd320447217b7ec866"
  dependencies:
    tslib "^1.7.1"

align-text@^0.1.1, align-text@^0.1.3:
  version "0.1.4"
  resolved "http://registry.npm.taobao.org/align-text/download/align-text-0.1.4.tgz#0cd90a561093f35d0a99256c22b7069433fad117"
  dependencies:
    kind-of "^3.0.2"
    longest "^1.0.1"
    repeat-string "^1.5.2"

camelcase@^1.0.2:
  version "1.2.1"
  resolved "http://registry.npm.taobao.org/camelcase/download/camelcase-1.2.1.tgz#9bb5304d2e0b56698b2c758b08a3eaa9daa58a39"

center-align@^0.1.1:
  version "0.1.3"
  resolved "http://registry.npm.taobao.org/center-align/download/center-align-0.1.3.tgz#aa0d32629b6ee972200411cbd4461c907bc2b7ad"
  dependencies:
    align-text "^0.1.3"
    lazy-cache "^1.0.3"

cliui@^2.1.0:
  version "2.1.0"
  resolved "http://registry.npm.taobao.org/cliui/download/cliui-2.1.0.tgz#4b475760ff80264c762c3a1719032e91c7fea0d1"
  dependencies:
    center-align "^0.1.1"
    right-align "^0.1.1"
    wordwrap "0.0.2"

core-js@^2.4.1:
  version "2.5.1"
  resolved "http://registry.npm.taobao.org/core-js/download/core-js-2.5.1.tgz#ae6874dc66937789b80754ff5428df66819ca50b"

decamelize@^1.0.0:
  version "1.2.0"
  resolved "http://registry.npm.taobao.org/decamelize/download/decamelize-1.2.0.tgz#f6534d15148269b20352e7bee26f501f9a191290"

is-buffer@^1.1.5:
  version "1.1.5"
  resolved "http://registry.npm.taobao.org/is-buffer/download/is-buffer-1.1.5.tgz#1f3b26ef613b214b88cbca23cc6c01d87961eecc"

kind-of@^3.0.2:
  version "3.2.2"
  resolved "http://registry.npm.taobao.org/kind-of/download/kind-of-3.2.2.tgz#31ea21a734bab9bbb0f32466d893aea51e4a3c64"
  dependencies:
    is-buffer "^1.1.5"

lazy-cache@^1.0.3:
  version "1.0.4"
  resolved "http://registry.npm.taobao.org/lazy-cache/download/lazy-cache-1.0.4.tgz#a1d78fc3a50474cb80845d3b3b6e1da49a446e8e"

longest@^1.0.1:
  version "1.0.1"
  resolved "http://registry.npm.taobao.org/longest/download/longest-1.0.1.tgz#30a0b2da38f73770e8294a0d22e6625ed77d0097"

reflect-metadata@^0.1.3:
  version "0.1.10"
  resolved "http://registry.npm.taobao.org/reflect-metadata/download/reflect-metadata-0.1.10.tgz#b4f83704416acad89988c9b15635d47e03b9344a"

repeat-string@^1.5.2:
  version "1.6.1"
  resolved "http://registry.npm.taobao.org/repeat-string/download/repeat-string-1.6.1.tgz#8dcae470e1c88abc2d600fff4a776286da75e637"

right-align@^0.1.1:
  version "0.1.3"
  resolved "http://registry.npm.taobao.org/right-align/download/right-align-0.1.3.tgz#61339b722fe6a3515689210d24e14c96148613ef"
  dependencies:
    align-text "^0.1.1"

rollup@^0.41.6:
  version "0.41.6"
  resolved "http://registry.npm.taobao.org/rollup/download/rollup-0.41.6.tgz#e0d05497877a398c104d816d2733a718a7a94e2a"
  dependencies:
    source-map-support "^0.4.0"

rxjs@5.0.1:
  version "5.0.1"
  resolved "http://registry.npm.taobao.org/rxjs/download/rxjs-5.0.1.tgz#3a69bdf9f0ca0a986303370d4708f72bdfac8356"
  dependencies:
    symbol-observable "^1.0.1"

source-map-support@^0.4.0:
  version "0.4.18"
  resolved "http://registry.npm.taobao.org/source-map-support/download/source-map-support-0.4.18.tgz#0286a6de8be42641338594e97ccea75f0a2c585f"
  dependencies:
    source-map "^0.5.6"

source-map@^0.5.6, source-map@~0.5.1:
  version "0.5.7"
  resolved "http://registry.npm.taobao.org/source-map/download/source-map-0.5.7.tgz#8a039d2d1021d22d1ea14c80d8ea468ba2ef3fcc"

symbol-observable@^1.0.1:
  version "1.0.4"
  resolved "http://registry.npm.taobao.org/symbol-observable/download/symbol-observable-1.0.4.tgz#29bf615d4aa7121bdd898b22d4b3f9bc4e2aa03d"

tslib@^1.7.1:
  version "1.8.0"
  resolved "http://registry.npm.taobao.org/tslib/download/tslib-1.8.0.tgz#dc604ebad64bcbf696d613da6c954aa0e7ea1eb6"

typescript@^2.2.1:
  version "2.5.3"
  resolved "http://registry.npm.taobao.org/typescript/download/typescript-2.5.3.tgz#df3dcdc38f3beb800d4bc322646b04a3f6ca7f0d"

uglify-js@^2.8.15:
  version "2.8.29"
  resolved "http://registry.npm.taobao.org/uglify-js/download/uglify-js-2.8.29.tgz#29c5733148057bb4e1f75df35b7a9cb72e6a59dd"
  dependencies:
    source-map "~0.5.1"
    yargs "~3.10.0"
  optionalDependencies:
    uglify-to-browserify "~1.0.0"

uglify-to-browserify@~1.0.0:
  version "1.0.2"
  resolved "http://registry.npm.taobao.org/uglify-to-browserify/download/uglify-to-browserify-1.0.2.tgz#6e0924d6bda6b5afe349e39a6d632850a0f882b7"

window-size@0.1.0:
  version "0.1.0"
  resolved "http://registry.npm.taobao.org/window-size/download/window-size-0.1.0.tgz#5438cd2ea93b202efa3a19fe8887aee7c94f9c9d"

wordwrap@0.0.2:
  version "0.0.2"
  resolved "http://registry.npm.taobao.org/wordwrap/download/wordwrap-0.0.2.tgz#b79669bb42ecb409f83d583cad52ca17eaa1643f"

yargs@~3.10.0:
  version "3.10.0"
  resolved "http://registry.npm.taobao.org/yargs/download/yargs-3.10.0.tgz#f7ee7bd857dd7c1d2d38c0e74efbd681d1431fd1"
  dependencies:
    camelcase "^1.0.2"
    cliui "^2.1.0"
    decamelize "^1.0.0"
    window-size "0.1.0"

zone.js@^0.7.2:
  version "0.7.8"
  resolved "http://registry.npm.taobao.org/zone.js/download/zone.js-0.7.8.tgz#4f3fe8834d44597f2639053a0fa438df34fffded"
